{
  "version": 2,
  "dependencies": {
    "net8.0": {
      "Microsoft.AspNetCore.SpaProxy": {
        "type": "Direct",
        "requested": "[8.0.6, )",
        "resolved": "8.0.6",
        "contentHash": "LBIMKEYxs06TJi/7ekqbfJ8VuoBqC3EORy+mw7Xp0gDIdDGhuaKkeT8BWIzetBbGVix4Tpn3k9GEdJ8Z7E7YOw=="
      }
    }
  }
}